
Microsoft Visual Studio Solution File, Format Version 12.00
# Visual Studio Version 17
VisualStudioVersion = 17.10.34928.147
MinimumVisualStudioVersion = 10.0.40219.1
Project("{9A19103F-16F7-4668-BE54-9A1E7A4F7556}") = "RapidPay.CardManagement.Api", "RapidPay.CardManagement.Api\RapidPay.CardManagement.Api.csproj", "{2A6B3887-1EC8-40D8-89BF-D67DEF2489B1}"
EndProject
Project("{2150E333-8FDC-42A3-9474-1A3956D46DE8}") = "CardManagement", "CardManagement", "{B9031338-8F89-4DE7-99E0-A6760174DF93}"
EndProject
Project("{9A19103F-16F7-4668-BE54-9A1E7A4F7556}") = "RapidPay.CardManagement.App", "RapidPay.CardManagement.App\RapidPay.CardManagement.App.csproj", "{1E7BF8F7-55CC-4BC5-A8E3-D7F732634ECC}"
EndProject
Project("{9A19103F-16F7-4668-BE54-9A1E7A4F7556}") = "RapidPay.CardManagement.Domain", "RapidPay.CardManagement.Domain\RapidPay.CardManagement.Domain.csproj", "{E7875B7F-E252-41BF-8F0D-41C4EC9D7B9C}"
EndProject
Project("{9A19103F-16F7-4668-BE54-9A1E7A4F7556}") = "RapidPay.CardManagement.EntityFramework", "RapidPay.CardManagement.EntityFramewok\RapidPay.CardManagement.EntityFramework.csproj", "{E6E9FC86-1334-4CDD-B8CA-9D5342C2AD7F}"
EndProject
Project("{2150E333-8FDC-42A3-9474-1A3956D46DE8}") = "Tests", "Tests", "{3BD017C0-8181-4C86-8BC7-0F549675B567}"
EndProject
Project("{2150E333-8FDC-42A3-9474-1A3956D46DE8}") = "UnitTest", "UnitTest", "{7EC4C4F5-2280-41FC-818C-A28BA257E5D3}"
EndProject
Project("{FAE04EC0-301F-11D3-BF4B-00C04F79EFBC}") = "RapidPay.CardManagement.UnitTests", "RapidPay.CardManagement.UnitTests\RapidPay.CardManagement.UnitTests.csproj", "{69250BFE-D5E7-4FA5-85E3-DD9D8D222468}"
EndProject
Global
	GlobalSection(SolutionConfigurationPlatforms) = preSolution
		Debug|Any CPU = Debug|Any CPU
		Release|Any CPU = Release|Any CPU
	EndGlobalSection
	GlobalSection(ProjectConfigurationPlatforms) = postSolution
		{2A6B3887-1EC8-40D8-89BF-D67DEF2489B1}.Debug|Any CPU.ActiveCfg = Debug|Any CPU
		{2A6B3887-1EC8-40D8-89BF-D67DEF2489B1}.Debug|Any CPU.Build.0 = Debug|Any CPU
		{2A6B3887-1EC8-40D8-89BF-D67DEF2489B1}.Release|Any CPU.ActiveCfg = Release|Any CPU
		{2A6B3887-1EC8-40D8-89BF-D67DEF2489B1}.Release|Any CPU.Build.0 = Release|Any CPU
		{1E7BF8F7-55CC-4BC5-A8E3-D7F732634ECC}.Debug|Any CPU.ActiveCfg = Debug|Any CPU
		{1E7BF8F7-55CC-4BC5-A8E3-D7F732634ECC}.Debug|Any CPU.Build.0 = Debug|Any CPU
		{1E7BF8F7-55CC-4BC5-A8E3-D7F732634ECC}.Release|Any CPU.ActiveCfg = Release|Any CPU
		{1E7BF8F7-55CC-4BC5-A8E3-D7F732634ECC}.Release|Any CPU.Build.0 = Release|Any CPU
		{E7875B7F-E252-41BF-8F0D-41C4EC9D7B9C}.Debug|Any CPU.ActiveCfg = Debug|Any CPU
		{E7875B7F-E252-41BF-8F0D-41C4EC9D7B9C}.Debug|Any CPU.Build.0 = Debug|Any CPU
		{E7875B7F-E252-41BF-8F0D-41C4EC9D7B9C}.Release|Any CPU.ActiveCfg = Release|Any CPU
		{E7875B7F-E252-41BF-8F0D-41C4EC9D7B9C}.Release|Any CPU.Build.0 = Release|Any CPU
		{E6E9FC86-1334-4CDD-B8CA-9D5342C2AD7F}.Debug|Any CPU.ActiveCfg = Debug|Any CPU
		{E6E9FC86-1334-4CDD-B8CA-9D5342C2AD7F}.Debug|Any CPU.Build.0 = Debug|Any CPU
		{E6E9FC86-1334-4CDD-B8CA-9D5342C2AD7F}.Release|Any CPU.ActiveCfg = Release|Any CPU
		{E6E9FC86-1334-4CDD-B8CA-9D5342C2AD7F}.Release|Any CPU.Build.0 = Release|Any CPU
		{69250BFE-D5E7-4FA5-85E3-DD9D8D222468}.Debug|Any CPU.ActiveCfg = Debug|Any CPU
		{69250BFE-D5E7-4FA5-85E3-DD9D8D222468}.Debug|Any CPU.Build.0 = Debug|Any CPU
		{69250BFE-D5E7-4FA5-85E3-DD9D8D222468}.Release|Any CPU.ActiveCfg = Release|Any CPU
		{69250BFE-D5E7-4FA5-85E3-DD9D8D222468}.Release|Any CPU.Build.0 = Release|Any CPU
	EndGlobalSection
	GlobalSection(SolutionProperties) = preSolution
		HideSolutionNode = FALSE
	EndGlobalSection
	GlobalSection(NestedProjects) = preSolution
		{2A6B3887-1EC8-40D8-89BF-D67DEF2489B1} = {B9031338-8F89-4DE7-99E0-A6760174DF93}
		{1E7BF8F7-55CC-4BC5-A8E3-D7F732634ECC} = {B9031338-8F89-4DE7-99E0-A6760174DF93}
		{E7875B7F-E252-41BF-8F0D-41C4EC9D7B9C} = {B9031338-8F89-4DE7-99E0-A6760174DF93}
		{E6E9FC86-1334-4CDD-B8CA-9D5342C2AD7F} = {B9031338-8F89-4DE7-99E0-A6760174DF93}
		{3BD017C0-8181-4C86-8BC7-0F549675B567} = {B9031338-8F89-4DE7-99E0-A6760174DF93}
		{7EC4C4F5-2280-41FC-818C-A28BA257E5D3} = {3BD017C0-8181-4C86-8BC7-0F549675B567}
		{69250BFE-D5E7-4FA5-85E3-DD9D8D222468} = {7EC4C4F5-2280-41FC-818C-A28BA257E5D3}
	EndGlobalSection
	GlobalSection(ExtensibilityGlobals) = postSolution
		SolutionGuid = {61999227-A720-4EE1-8C0F-054793F35170}
	EndGlobalSection
EndGlobal
